version = 1
revision = 3
requires-python = ">=3.13"

[[package]]
name = "autokey"
version = "0.96.0"
source = { registry = "https://pypi.org/simple" }
dependencies = [
    { name = "packaging" },
    { name = "pyinotify" },
    { name = "python-xlib" },
]
sdist = { url = "https://files.pythonhosted.org/packages/18/1a/fae2cbb00c71f1847ed1597ca6331f475c6d8dc794902d9946a94ca1f2e5/autokey-0.96.0.tar.gz", hash = "sha256:9a8bdff3128a61897963a29a41921dc4163ece1f35b09cb3dbdd22d5d95ad77d", size = 217164, upload-time = "2022-06-05T22:44:59.254Z" }
wheels = [
    { url = "https://files.pythonhosted.org/packages/25/e0/88c614ab0d8f867376fab17c8ed8d0f9f37e968a331d22159cfb0c117525/autokey-0.96.0-py3-none-any.whl", hash = "sha256:8023a0f3d1c16e142f353d3c51ed5d4c6d3ecc377c73e65b669df8265815e45c", size = 399376, upload-time = "2022-06-05T22:44:57.368Z" },
]

[[package]]
name = "dbus-python"
version = "1.4.0"
source = { registry = "https://pypi.org/simple" }
sdist = { url = "https://files.pythonhosted.org/packages/ff/24/63118050c7dd7be04b1ccd60eab53fef00abe844442e1b6dec92dae505d6/dbus-python-1.4.0.tar.gz", hash = "sha256:991666e498f60dbf3e49b8b7678f5559b8a65034fdf61aae62cdecdb7d89c770", size = 232490, upload-time = "2025-03-13T19:57:54.212Z" }

[[package]]
name = "debugpy"
version = "1.8.19"
source = { registry = "https://pypi.org/simple" }
sdist = { url = "https://files.pythonhosted.org/packages/73/75/9e12d4d42349b817cd545b89247696c67917aab907012ae5b64bbfea3199/debugpy-1.8.19.tar.gz", hash = "sha256:eea7e5987445ab0b5ed258093722d5ecb8bb72217c5c9b1e21f64efe23ddebdb", size = 1644590, upload-time = "2025-12-15T21:53:28.044Z" }
wheels = [
    { url = "https://files.pythonhosted.org/packages/71/3d/388035a31a59c26f1ecc8d86af607d0c42e20ef80074147cd07b180c4349/debugpy-1.8.19-cp313-cp313-macosx_15_0_universal2.whl", hash = "sha256:91e35db2672a0abaf325f4868fcac9c1674a0d9ad9bb8a8c849c03a5ebba3e6d", size = 2538859, upload-time = "2025-12-15T21:53:50.478Z" },
    { url = "https://files.pythonhosted.org/packages/4a/19/c93a0772d0962294f083dbdb113af1a7427bb632d36e5314297068f55db7/debugpy-1.8.19-cp313-cp313-manylinux_2_34_x86_64.whl", hash = "sha256:85016a73ab84dea1c1f1dcd88ec692993bcbe4532d1b49ecb5f3c688ae50c606", size = 4292575, upload-time = "2025-12-15T21:53:51.821Z" },
    { url = "https://files.pythonhosted.org/packages/5c/56/09e48ab796b0a77e3d7dc250f95251832b8bf6838c9632f6100c98bdf426/debugpy-1.8.19-cp313-cp313-win32.whl", hash = "sha256:b605f17e89ba0ecee994391194285fada89cee111cfcd29d6f2ee11cbdc40976", size = 5286209, upload-time = "2025-12-15T21:53:53.602Z" },
    { url = "https://files.pythonhosted.org/packages/fb/4e/931480b9552c7d0feebe40c73725dd7703dcc578ba9efc14fe0e6d31cfd1/debugpy-1.8.19-cp313-cp313-win_amd64.whl", hash = "sha256:c30639998a9f9cd9699b4b621942c0179a6527f083c72351f95c6ab1728d5b73", size = 5328206, upload-time = "2025-12-15T21:53:55.433Z" },
    { url = "https://files.pythonhosted.org/packages/f6/b9/cbec520c3a00508327476c7fce26fbafef98f412707e511eb9d19a2ef467/debugpy-1.8.19-cp314-cp314-macosx_15_0_universal2.whl", hash = "sha256:1e8c4d1bd230067bf1bbcdbd6032e5a57068638eb28b9153d008ecde288152af", size = 2537372, upload-time = "2025-12-15T21:53:57.318Z" },
    { url = "https://files.pythonhosted.org/packages/88/5e/cf4e4dc712a141e10d58405c58c8268554aec3c35c09cdcda7535ff13f76/debugpy-1.8.19-cp314-cp314-manylinux_2_34_x86_64.whl", hash = "sha256:d40c016c1f538dbf1762936e3aeb43a89b965069d9f60f9e39d35d9d25e6b809", size = 4268729, upload-time = "2025-12-15T21:53:58.712Z" },
    { url = "https://files.pythonhosted.org/packages/82/a3/c91a087ab21f1047db328c1d3eb5d1ff0e52de9e74f9f6f6fa14cdd93d58/debugpy-1.8.19-cp314-cp314-win32.whl", hash = "sha256:0601708223fe1cd0e27c6cce67a899d92c7d68e73690211e6788a4b0e1903f5b", size = 5286388, upload-time = "2025-12-15T21:54:00.687Z" },
    { url = "https://files.pythonhosted.org/packages/17/b8/bfdc30b6e94f1eff09f2dc9cc1f9cd1c6cde3d996bcbd36ce2d9a4956e99/debugpy-1.8.19-cp314-cp314-win_amd64.whl", hash = "sha256:8e19a725f5d486f20e53a1dde2ab8bb2c9607c40c00a42ab646def962b41125f", size = 5327741, upload-time = "2025-12-15T21:54:02.148Z" },
    { url = "https://files.pythonhosted.org/packages/25/3e/e27078370414ef35fafad2c06d182110073daaeb5d3bf734b0b1eeefe452/debugpy-1.8.19-py2.py3-none-any.whl", hash = "sha256:360ffd231a780abbc414ba0f005dad409e71c78637efe8f2bd75837132a41d38", size = 5292321, upload-time = "2025-12-15T21:54:16.024Z" },
]

[[package]]
name = "packaging"
version = "25.0"
source = { registry = "https://pypi.org/simple" }
sdist = { url = "https://files.pythonhosted.org/packages/a1/d4/1fc4078c65507b51b96ca8f8c3ba19e6a61c8253c72794544580a7b6c24d/packaging-25.0.tar.gz", hash = "sha256:d443872c98d677bf60f6a1f2f8c1cb748e8fe762d2bf9d3148b5599295b0fc4f", size = 165727, upload-time = "2025-04-19T11:48:59.673Z" }
wheels = [
    { url = "https://files.pythonhosted.org/packages/20/12/38679034af332785aac8774540895e234f4d07f7545804097de4b666afd8/packaging-25.0-py3-none-any.whl", hash = "sha256:29572ef2b1f17581046b3a2227d5c611fb25ec70ca1ba8554b24b0e69331a484", size = 66469, upload-time = "2025-04-19T11:48:57.875Z" },
]

[[package]]
name = "pyasyncore"
version = "1.0.5"
source = { registry = "https://pypi.org/simple" }
sdist = { url = "https://files.pythonhosted.org/packages/4e/43/035dfe0cb01687c1940fdc008f46a43c41067e226e862df49327469764a0/pyasyncore-1.0.5.tar.gz", hash = "sha256:dd483d5103a6d59b66b86e0ca2334ad43dca732ff23a0ac5d63c88c52510542e", size = 15854, upload-time = "2026-01-05T19:59:31.893Z" }
wheels = [
    { url = "https://files.pythonhosted.org/packages/1f/ab/b10cee56269ae150763f3f83b3e9305a11f42f50b3dcd58eeb8f7988f0bb/pyasyncore-1.0.5-py3-none-any.whl", hash = "sha256:269bbc5252671827387636822841a1fb721ec6e858b23a3e12cf92eb1f97da2a", size = 10237, upload-time = "2026-01-05T19:59:30.824Z" },
]

[[package]]
name = "pycairo"
version = "1.29.0"
source = { registry = "https://pypi.org/simple" }
sdist = { url = "https://files.pythonhosted.org/packages/22/d9/1728840a22a4ef8a8f479b9156aa2943cd98c3907accd3849fb0d5f82bfd/pycairo-1.29.0.tar.gz", hash = "sha256:f3f7fde97325cae80224c09f12564ef58d0d0f655da0e3b040f5807bd5bd3142", size = 665871, upload-time = "2025-11-11T19:13:01.584Z" }
wheels = [
    { url = "https://files.pythonhosted.org/packages/f0/21/3f477dc318dd4e84a5ae6301e67284199d7e5a2384f3063714041086b65d/pycairo-1.29.0-cp313-cp313-win32.whl", hash = "sha256:3eb382a4141591807073274522f7aecab9e8fa2f14feafd11ac03a13a58141d7", size = 750949, upload-time = "2025-11-11T19:12:12.198Z" },
    { url = "https://files.pythonhosted.org/packages/43/34/7d27a333c558d6ac16dbc12a35061d389735e99e494ee4effa4ec6d99bed/pycairo-1.29.0-cp313-cp313-win_amd64.whl", hash = "sha256:91114e4b3fbf4287c2b0788f83e1f566ce031bda49cf1c3c3c19c3e986e95c38", size = 844149, upload-time = "2025-11-11T19:12:19.171Z" },
    { url = "https://files.pythonhosted.org/packages/15/43/e782131e23df69e5c8e631a016ed84f94bbc4981bf6411079f57af730a23/pycairo-1.29.0-cp313-cp313-win_arm64.whl", hash = "sha256:09b7f69a5ff6881e151354ea092137b97b0b1f0b2ab4eb81c92a02cc4a08e335", size = 693595, upload-time = "2025-11-11T19:12:23.445Z" },
    { url = "https://files.pythonhosted.org/packages/2d/fa/87eaeeb9d53344c769839d7b2854db7ff2cd596211e00dd1b702eeb1838f/pycairo-1.29.0-cp314-cp314-win32.whl", hash = "sha256:69e2a7968a3fbb839736257bae153f547bca787113cc8d21e9e08ca4526e0b6b", size = 767198, upload-time = "2025-11-11T19:12:42.336Z" },
    { url = "https://files.pythonhosted.org/packages/3c/90/3564d0f64d0a00926ab863dc3c4a129b1065133128e96900772e1c4421f8/pycairo-1.29.0-cp314-cp314-win_amd64.whl", hash = "sha256:e91243437a21cc4c67c401eff4433eadc45745275fa3ade1a0d877e50ffb90da", size = 871579, upload-time = "2025-11-11T19:12:48.982Z" },
    { url = "https://files.pythonhosted.org/packages/5e/91/93632b6ba12ad69c61991e3208bde88486fdfc152be8cfdd13444e9bc650/pycairo-1.29.0-cp314-cp314-win_arm64.whl", hash = "sha256:b72200ea0e5f73ae4c788cd2028a750062221385eb0e6d8f1ecc714d0b4fdf82", size = 719537, upload-time = "2025-11-11T19:12:55.016Z" },
    { url = "https://files.pythonhosted.org/packages/93/23/37053c039f8d3b9b5017af9bc64d27b680c48a898d48b72e6d6583cf0155/pycairo-1.29.0-cp314-cp314t-win_amd64.whl", hash = "sha256:5e45fce6185f553e79e4ef1722b8e98e6cde9900dbc48cb2637a9ccba86f627a", size = 874015, upload-time = "2025-11-11T19:12:28.47Z" },
    { url = "https://files.pythonhosted.org/packages/d7/54/123f6239685f5f3f2edc123f1e38d2eefacebee18cf3c532d2f4bd51d0ef/pycairo-1.29.0-cp314-cp314t-win_arm64.whl", hash = "sha256:caba0837a4b40d47c8dfb0f24cccc12c7831e3dd450837f2a356c75f21ce5a15", size = 721404, upload-time = "2025-11-11T19:12:36.919Z" },
]

[[package]]
name = "pygobject"
version = "3.54.5"
source = { registry = "https://pypi.org/simple" }
dependencies = [
    { name = "pycairo" },
]
sdist = { url = "https://files.pythonhosted.org/packages/d3/a5/68f883df1d8442e3b267cb92105a4b2f0de819bd64ac9981c2d680d3f49f/pygobject-3.54.5.tar.gz", hash = "sha256:b6656f6348f5245606cf15ea48c384c7f05156c75ead206c1b246c80a22fb585", size = 1274658, upload-time = "2025-10-18T13:45:03.121Z" }

[[package]]
name = "pyinotify"
version = "0.9.6"
source = { registry = "https://pypi.org/simple" }
sdist = { url = "https://files.pythonhosted.org/packages/e3/c0/fd5b18dde17c1249658521f69598f3252f11d9d7a980c5be8619970646e1/pyinotify-0.9.6.tar.gz", hash = "sha256:9c998a5d7606ca835065cdabc013ae6c66eb9ea76a00a1e3bc6e0cfe2b4f71f4", size = 60998, upload-time = "2015-06-04T15:50:23.633Z" }

[[package]]
name = "python-xlib"
version = "0.33"
source = { registry = "https://pypi.org/simple" }
dependencies = [
    { name = "six" },
]
sdist = { url = "https://files.pythonhosted.org/packages/86/f5/8c0653e5bb54e0cbdfe27bf32d41f27bc4e12faa8742778c17f2a71be2c0/python-xlib-0.33.tar.gz", hash = "sha256:55af7906a2c75ce6cb280a584776080602444f75815a7aff4d287bb2d7018b32", size = 269068, upload-time = "2022-12-25T18:53:00.824Z" }
wheels = [
    { url = "https://files.pythonhosted.org/packages/fc/b8/ff33610932e0ee81ae7f1269c890f697d56ff74b9f5b2ee5d9b7fa2c5355/python_xlib-0.33-py2.py3-none-any.whl", hash = "sha256:c3534038d42e0df2f1392a1b30a15a4ff5fdc2b86cfa94f072bf11b10a164398", size = 182185, upload-time = "2022-12-25T18:52:58.662Z" },
]

[[package]]
name = "radical"
version = "0.1.0"
source = { editable = "." }
dependencies = [
    { name = "autokey" },
    { name = "dbus-python" },
    { name = "pyasyncore" },
    { name = "pycairo" },
    { name = "pygobject" },
    { name = "standard-imghdr" },
]

[package.dev-dependencies]
dev = [
    { name = "debugpy" },
    { name = "ruff" },
    { name = "ty" },
]

[package.metadata]
requires-dist = [
    { name = "autokey", specifier = ">=0.96.0" },
    { name = "dbus-python", specifier = ">=1.4.0" },
    { name = "pyasyncore", specifier = ">=1.0.5" },
    { name = "pycairo", specifier = ">=1.29.0" },
    { name = "pygobject", specifier = ">=3.54.5" },
    { name = "standard-imghdr", specifier = ">=3.13.0" },
]

[package.metadata.requires-dev]
dev = [
    { name = "debugpy", specifier = ">=1.8.19" },
    { name = "ruff", specifier = ">=0.14.10" },
    { name = "ty", specifier = ">=0.0.9" },
]

[[package]]
name = "ruff"
version = "0.14.10"
source = { registry = "https://pypi.org/simple" }
sdist = { url = "https://files.pythonhosted.org/packages/57/08/52232a877978dd8f9cf2aeddce3e611b40a63287dfca29b6b8da791f5e8d/ruff-0.14.10.tar.gz", hash = "sha256:9a2e830f075d1a42cd28420d7809ace390832a490ed0966fe373ba288e77aaf4", size = 5859763, upload-time = "2025-12-18T19:28:57.98Z" }
wheels = [
    { url = "https://files.pythonhosted.org/packages/60/01/933704d69f3f05ee16ef11406b78881733c186fe14b6a46b05cfcaf6d3b2/ruff-0.14.10-py3-none-linux_armv6l.whl", hash = "sha256:7a3ce585f2ade3e1f29ec1b92df13e3da262178df8c8bdf876f48fa0e8316c49", size = 13527080, upload-time = "2025-12-18T19:29:25.642Z" },
    { url = "https://files.pythonhosted.org/packages/df/58/a0349197a7dfa603ffb7f5b0470391efa79ddc327c1e29c4851e85b09cc5/ruff-0.14.10-py3-none-macosx_10_12_x86_64.whl", hash = "sha256:674f9be9372907f7257c51f1d4fc902cb7cf014b9980152b802794317941f08f", size = 13797320, upload-time = "2025-12-18T19:29:02.571Z" },
    { url = "https://files.pythonhosted.org/packages/7b/82/36be59f00a6082e38c23536df4e71cdbc6af8d7c707eade97fcad5c98235/ruff-0.14.10-py3-none-macosx_11_0_arm64.whl", hash = "sha256:d85713d522348837ef9df8efca33ccb8bd6fcfc86a2cde3ccb4bc9d28a18003d", size = 12918434, upload-time = "2025-12-18T19:28:51.202Z" },
    { url = "https://files.pythonhosted.org/packages/a6/00/45c62a7f7e34da92a25804f813ebe05c88aa9e0c25e5cb5a7d23dd7450e3/ruff-0.14.10-py3-none-manylinux_2_17_aarch64.manylinux2014_aarch64.whl", hash = "sha256:6987ebe0501ae4f4308d7d24e2d0fe3d7a98430f5adfd0f1fead050a740a3a77", size = 13371961, upload-time = "2025-12-18T19:29:04.991Z" },
    { url = "https://files.pythonhosted.org/packages/40/31/a5906d60f0405f7e57045a70f2d57084a93ca7425f22e1d66904769d1628/ruff-0.14.10-py3-none-manylinux_2_17_armv7l.manylinux2014_armv7l.whl", hash = "sha256:16a01dfb7b9e4eee556fbfd5392806b1b8550c9b4a9f6acd3dbe6812b193c70a", size = 13275629, upload-time = "2025-12-18T19:29:21.381Z" },
    { url = "https://files.pythonhosted.org/packages/3e/60/61c0087df21894cf9d928dc04bcd4fb10e8b2e8dca7b1a276ba2155b2002/ruff-0.14.10-py3-none-manylinux_2_17_i686.manylinux2014_i686.whl", hash = "sha256:7165d31a925b7a294465fa81be8c12a0e9b60fb02bf177e79067c867e71f8b1f", size = 14029234, upload-time = "2025-12-18T19:29:00.132Z" },
    { url = "https://files.pythonhosted.org/packages/44/84/77d911bee3b92348b6e5dab5a0c898d87084ea03ac5dc708f46d88407def/ruff-0.14.10-py3-none-manylinux_2_17_ppc64.manylinux2014_ppc64.whl", hash = "sha256:c561695675b972effb0c0a45db233f2c816ff3da8dcfbe7dfc7eed625f218935", size = 15449890, upload-time = "2025-12-18T19:28:53.573Z" },
    { url = "https://files.pythonhosted.org/packages/e9/36/480206eaefa24a7ec321582dda580443a8f0671fdbf6b1c80e9c3e93a16a/ruff-0.14.10-py3-none-manylinux_2_17_ppc64le.manylinux2014_ppc64le.whl", hash = "sha256:4bb98fcbbc61725968893682fd4df8966a34611239c9fd07a1f6a07e7103d08e", size = 15123172, upload-time = "2025-12-18T19:29:23.453Z" },
    { url = "https://files.pythonhosted.org/packages/5c/38/68e414156015ba80cef5473d57919d27dfb62ec804b96180bafdeaf0e090/ruff-0.14.10-py3-none-manylinux_2_17_s390x.manylinux2014_s390x.whl", hash = "sha256:f24b47993a9d8cb858429e97bdf8544c78029f09b520af615c1d261bf827001d", size = 14460260, upload-time = "2025-12-18T19:29:27.808Z" },
    { url = "https://files.pythonhosted.org/packages/b3/19/9e050c0dca8aba824d67cc0db69fb459c28d8cd3f6855b1405b3f29cc91d/ruff-0.14.10-py3-none-manylinux_2_17_x86_64.manylinux2014_x86_64.whl", hash = "sha256:59aabd2e2c4fd614d2862e7939c34a532c04f1084476d6833dddef4afab87e9f", size = 14229978, upload-time = "2025-12-18T19:29:11.32Z" },
    { url = "https://files.pythonhosted.org/packages/51/eb/e8dd1dd6e05b9e695aa9dd420f4577debdd0f87a5ff2fedda33c09e9be8c/ruff-0.14.10-py3-none-manylinux_2_31_riscv64.whl", hash = "sha256:213db2b2e44be8625002dbea33bb9c60c66ea2c07c084a00d55732689d697a7f", size = 14338036, upload-time = "2025-12-18T19:29:09.184Z" },
    { url = "https://files.pythonhosted.org/packages/6a/12/f3e3a505db7c19303b70af370d137795fcfec136d670d5de5391e295c134/ruff-0.14.10-py3-none-musllinux_1_2_aarch64.whl", hash = "sha256:b914c40ab64865a17a9a5b67911d14df72346a634527240039eb3bd650e5979d", size = 13264051, upload-time = "2025-12-18T19:29:13.431Z" },
    { url = "https://files.pythonhosted.org/packages/08/64/8c3a47eaccfef8ac20e0484e68e0772013eb85802f8a9f7603ca751eb166/ruff-0.14.10-py3-none-musllinux_1_2_armv7l.whl", hash = "sha256:1484983559f026788e3a5c07c81ef7d1e97c1c78ed03041a18f75df104c45405", size = 13283998, upload-time = "2025-12-18T19:29:06.994Z" },
    { url = "https://files.pythonhosted.org/packages/12/84/534a5506f4074e5cc0529e5cd96cfc01bb480e460c7edf5af70d2bcae55e/ruff-0.14.10-py3-none-musllinux_1_2_i686.whl", hash = "sha256:c70427132db492d25f982fffc8d6c7535cc2fd2c83fc8888f05caaa248521e60", size = 13601891, upload-time = "2025-12-18T19:28:55.811Z" },
    { url = "https://files.pythonhosted.org/packages/0d/1e/14c916087d8598917dbad9b2921d340f7884824ad6e9c55de948a93b106d/ruff-0.14.10-py3-none-musllinux_1_2_x86_64.whl", hash = "sha256:5bcf45b681e9f1ee6445d317ce1fa9d6cba9a6049542d1c3d5b5958986be8830", size = 14336660, upload-time = "2025-12-18T19:29:16.531Z" },
    { url = "https://files.pythonhosted.org/packages/f2/1c/d7b67ab43f30013b47c12b42d1acd354c195351a3f7a1d67f59e54227ede/ruff-0.14.10-py3-none-win32.whl", hash = "sha256:104c49fc7ab73f3f3a758039adea978869a918f31b73280db175b43a2d9b51d6", size = 13196187, upload-time = "2025-12-18T19:29:19.006Z" },
    { url = "https://files.pythonhosted.org/packages/fb/9c/896c862e13886fae2af961bef3e6312db9ebc6adc2b156fe95e615dee8c1/ruff-0.14.10-py3-none-win_amd64.whl", hash = "sha256:466297bd73638c6bdf06485683e812db1c00c7ac96d4ddd0294a338c62fdc154", size = 14661283, upload-time = "2025-12-18T19:29:30.16Z" },
    { url = "https://files.pythonhosted.org/packages/74/31/b0e29d572670dca3674eeee78e418f20bdf97fa8aa9ea71380885e175ca0/ruff-0.14.10-py3-none-win_arm64.whl", hash = "sha256:e51d046cf6dda98a4633b8a8a771451107413b0f07183b2bef03f075599e44e6", size = 13729839, upload-time = "2025-12-18T19:28:48.636Z" },
]

[[package]]
name = "six"
version = "1.17.0"
source = { registry = "https://pypi.org/simple" }
sdist = { url = "https://files.pythonhosted.org/packages/94/e7/b2c673351809dca68a0e064b6af791aa332cf192da575fd474ed7d6f16a2/six-1.17.0.tar.gz", hash = "sha256:ff70335d468e7eb6ec65b95b99d3a2836546063f63acc5171de367e834932a81", size = 34031, upload-time = "2024-12-04T17:35:28.174Z" }
wheels = [
    { url = "https://files.pythonhosted.org/packages/b7/ce/149a00dd41f10bc29e5921b496af8b574d8413afcd5e30dfa0ed46c2cc5e/six-1.17.0-py2.py3-none-any.whl", hash = "sha256:4721f391ed90541fddacab5acf947aa0d3dc7d27b2e1e8eda2be8970586c3274", size = 11050, upload-time = "2024-12-04T17:35:26.475Z" },
]

[[package]]
name = "standard-imghdr"
version = "3.13.0"
source = { registry = "https://pypi.org/simple" }
sdist = { url = "https://files.pythonhosted.org/packages/1a/8d/ab2620fbe2e348483c9cb776c3b7b3cc407899291a041d7fa026469b7cd1/standard_imghdr-3.13.0.tar.gz", hash = "sha256:8d9c68058d882f6fc3542a8d39ef9ff94d2187dc90bd0c851e0902776b7b7a42", size = 5511, upload-time = "2024-10-30T16:01:36.412Z" }
wheels = [
    { url = "https://files.pythonhosted.org/packages/df/cb/e1da7e340586a078404c7e4328bfefc930867ace8a9a55916fd220cf9547/standard_imghdr-3.13.0-py3-none-any.whl", hash = "sha256:30a1bff5465605bb496f842a6ac3cc1f2131bf3025b0da28d4877d6d4b7cc8e9", size = 4639, upload-time = "2024-10-30T16:01:13.829Z" },
]

[[package]]
name = "ty"
version = "0.0.9"
source = { registry = "https://pypi.org/simple" }
sdist = { url = "https://files.pythonhosted.org/packages/19/7b/4f677c622d58563c593c32081f8a8572afd90e43dc15b0dedd27b4305038/ty-0.0.9.tar.gz", hash = "sha256:83f980c46df17586953ab3060542915827b43c4748a59eea04190c59162957fe", size = 4858642, upload-time = "2026-01-05T12:24:56.528Z" }
wheels = [
    { url = "https://files.pythonhosted.org/packages/3f/3f/c1ee119738b401a8081ff84341781122296b66982e5982e6f162d946a1ff/ty-0.0.9-py3-none-linux_armv6l.whl", hash = "sha256:dd270d4dd6ebeb0abb37aee96cbf9618610723677f500fec1ba58f35bfa8337d", size = 9763596, upload-time = "2026-01-05T12:24:37.43Z" },
    { url = "https://files.pythonhosted.org/packages/63/41/6b0669ef4cd806d4bd5c30263e6b732a362278abac1bc3a363a316cde896/ty-0.0.9-py3-none-macosx_10_12_x86_64.whl", hash = "sha256:debfb2ba418b00e86ffd5403cb666b3f04e16853f070439517dd1eaaeeff9255", size = 9591514, upload-time = "2026-01-05T12:24:26.891Z" },
    { url = "https://files.pythonhosted.org/packages/02/a1/874aa756aee5118e690340a771fb9ded0d0c2168c0b7cc7d9561c2a750b0/ty-0.0.9-py3-none-macosx_11_0_arm64.whl", hash = "sha256:107c76ebb05a13cdb669172956421f7ffd289ad98f36d42a44a465588d434d58", size = 9097773, upload-time = "2026-01-05T12:24:14.442Z" },
    { url = "https://files.pythonhosted.org/packages/32/62/cb9a460cf03baab77b3361d13106b93b40c98e274d07c55f333ce3c716f6/ty-0.0.9-py3-none-manylinux_2_17_aarch64.manylinux2014_aarch64.whl", hash = "sha256:6868ca5c87ca0caa1b3cb84603c767356242b0659b88307eda69b2fb0bfa416b", size = 9581824, upload-time = "2026-01-05T12:24:35.074Z" },
    { url = "https://files.pythonhosted.org/packages/5a/97/633ecb348c75c954f09f8913669de8c440b13b43ea7d214503f3f1c4bb60/ty-0.0.9-py3-none-manylinux_2_17_armv7l.manylinux2014_armv7l.whl", hash = "sha256:d14a4aa0eb5c1d3591c2adbdda4e44429a6bb5d2e298a704398bb2a7ccdafdfe", size = 9591050, upload-time = "2026-01-05T12:24:08.804Z" },
    { url = "https://files.pythonhosted.org/packages/6f/e6/4b0c6a7a8a234e2113f88c80cc7aaa9af5868de7a693859f3c49da981934/ty-0.0.9-py3-none-manylinux_2_17_i686.manylinux2014_i686.whl", hash = "sha256:01bd4466504cefa36b465c6608e9af4504415fa67f6affc01c7d6ce36663c7f4", size = 10018262, upload-time = "2026-01-05T12:24:53.791Z" },
    { url = "https://files.pythonhosted.org/packages/cb/97/076d72a028f6b31e0b87287aa27c5b71a2f9927ee525260ea9f2f56828b8/ty-0.0.9-py3-none-manylinux_2_17_ppc64.manylinux2014_ppc64.whl", hash = "sha256:76c8253d1b30bc2c3eaa1b1411a1c34423decde0f4de0277aa6a5ceacfea93d9", size = 10911642, upload-time = "2026-01-05T12:24:48.264Z" },
    { url = "https://files.pythonhosted.org/packages/3f/5a/705d6a5ed07ea36b1f23592c3f0dbc8fc7649267bfbb3bf06464cdc9a98a/ty-0.0.9-py3-none-manylinux_2_17_ppc64le.manylinux2014_ppc64le.whl", hash = "sha256:8992fa4a9c6a5434eae4159fdd4842ec8726259bfd860e143ab95d078de6f8e3", size = 10632468, upload-time = "2026-01-05T12:24:24.118Z" },
    { url = "https://files.pythonhosted.org/packages/44/78/4339a254537488d62bf392a936b3ec047702c0cc33d6ce3a5d613f275cd0/ty-0.0.9-py3-none-manylinux_2_17_s390x.manylinux2014_s390x.whl", hash = "sha256:8c79d503d151acb4a145a3d98702d07cb641c47292f63e5ffa0151e4020a5d33", size = 10273422, upload-time = "2026-01-05T12:24:45.8Z" },
    { url = "https://files.pythonhosted.org/packages/90/40/e7f386e87c9abd3670dcee8311674d7e551baa23b2e4754e2405976e6c92/ty-0.0.9-py3-none-manylinux_2_17_x86_64.manylinux2014_x86_64.whl", hash = "sha256:b7a7ebf89ed276b564baa1f0dd9cd708e7b5aa89f19ce1b2f7d7132075abf93e", size = 10120289, upload-time = "2026-01-05T12:24:17.424Z" },
    { url = "https://files.pythonhosted.org/packages/f7/46/1027442596e725c50d0d1ab5179e9fa78a398ab412994b3006d0ee0899c7/ty-0.0.9-py3-none-musllinux_1_2_aarch64.whl", hash = "sha256:ae3866e50109d2400a886bb11d9ef607f23afc020b226af773615cf82ae61141", size = 9566657, upload-time = "2026-01-05T12:24:51.048Z" },
    { url = "https://files.pythonhosted.org/packages/56/be/df921cf1967226aa01690152002b370a7135c6cced81e86c12b86552cdc4/ty-0.0.9-py3-none-musllinux_1_2_armv7l.whl", hash = "sha256:185244a5eacfcd8f5e2d85b95e4276316772f1e586520a6cb24aa072ec1bac26", size = 9610334, upload-time = "2026-01-05T12:24:20.334Z" },
    { url = "https://files.pythonhosted.org/packages/ac/e8/f085268860232cc92ebe95415e5c8640f7f1797ac3a49ddd137c6222924d/ty-0.0.9-py3-none-musllinux_1_2_i686.whl", hash = "sha256:f834ff27d940edb24b2e86bbb3fb45ab9e07cf59ca8c5ac615095b2542786408", size = 9726701, upload-time = "2026-01-05T12:24:29.785Z" },
    { url = "https://files.pythonhosted.org/packages/42/b4/9394210c66041cd221442e38f68a596945103d9446ece505889ffa9b3da9/ty-0.0.9-py3-none-musllinux_1_2_x86_64.whl", hash = "sha256:773f4b3ba046de952d7c1ad3a2c09b24f3ed4bc8342ae3cbff62ebc14aa6d48c", size = 10227082, upload-time = "2026-01-05T12:24:40.132Z" },
    { url = "https://files.pythonhosted.org/packages/dc/9f/75951eb573b473d35dd9570546fc1319f7ca2d5b5c50a5825ba6ea6cb33a/ty-0.0.9-py3-none-win32.whl", hash = "sha256:1f20f67e373038ff20f36d5449e787c0430a072b92d5933c5b6e6fc79d3de4c8", size = 9176458, upload-time = "2026-01-05T12:24:32.559Z" },
    { url = "https://files.pythonhosted.org/packages/9b/80/b1cdf71ac874e72678161e25e2326a7d30bc3489cd3699561355a168e54f/ty-0.0.9-py3-none-win_amd64.whl", hash = "sha256:2c415f3bbb730f8de2e6e0b3c42eb3a91f1b5fbbcaaead2e113056c3b361c53c", size = 10040479, upload-time = "2026-01-05T12:24:42.697Z" },
    { url = "https://files.pythonhosted.org/packages/b5/8f/abc75c4bb774b12698629f02d0d12501b0a7dff9c31dc3bd6b6c6467e90a/ty-0.0.9-py3-none-win_arm64.whl", hash = "sha256:48e339d794542afeed710ea4f846ead865cc38cecc335a9c781804d02eaa2722", size = 9543127, upload-time = "2026-01-05T12:24:11.731Z" },
]
